PODS:
  - BluetoothMessager (0.1.0)

DEPENDENCIES:
  - BluetoothMessager (from `../`)

EXTERNAL SOURCES:
  BluetoothMessager:
    :path: "../"

SPEC CHECKSUMS:
  BluetoothMessager: 9683c2318507ed62657c4d0d51794cbc4ecc6546

PODFILE CHECKSUM: 60b50aefe8aee9f14fbb362e6f36073c1746b5a4

COCOAPODS: 1.9.3
